
Microsoft Visual Studio Solution File, Format Version 12.00
# Visual Studio Version 17
VisualStudioVersion = 17.0.31903.59
MinimumVisualStudioVersion = 10.0.40219.1
Project("{2150E333-8FDC-42A3-9474-1A3956D46DE8}") = "src", "src", "{1ACDDAC5-E1B5-4802-B07E-05A156626FBD}"
EndProject
Project("{FAE04EC0-301F-11D3-BF4B-00C04F79EFBC}") = "WhojooSite.Yarp", "src\WhojooSite.Yarp\WhojooSite.Yarp.csproj", "{5B2C0248-E595-407F-A3B2-54D63041FEB8}"
EndProject
Project("{FAE04EC0-301F-11D3-BF4B-00C04F79EFBC}") = "WhojooSite.Bootstrap", "src\WhojooSite.Bootstrap\WhojooSite.Bootstrap.csproj", "{3470410F-4030-4A8F-AA69-F1BF1615DC9C}"
EndProject
Project("{2150E333-8FDC-42A3-9474-1A3956D46DE8}") = "WhojooSite.Recipes", "WhojooSite.Recipes", "{33E4419E-D642-4E25-A017-EDD5B4330EB9}"
EndProject
Project("{FAE04EC0-301F-11D3-BF4B-00C04F79EFBC}") = "WhojooSite.Recipes.Module", "src\WhojooSite.Recipes\WhojooSite.Recipes.Module\WhojooSite.Recipes.Module.csproj", "{28D8F834-F109-476A-98CF-87796EF2A065}"
EndProject
Project("{FAE04EC0-301F-11D3-BF4B-00C04F79EFBC}") = "WhojooSite.Common", "src\WhojooSite.Common\WhojooSite.Common.csproj", "{88F769C1-ED74-4D77-ACFF-D55048A52176}"
EndProject
Project("{2150E333-8FDC-42A3-9474-1A3956D46DE8}") = "_Solution Items", "_Solution Items", "{D70C0F05-74C7-4327-A52E-4ED0DEA28D5F}"
	ProjectSection(SolutionItems) = preProject
		README.md = README.md
		..\Makefile = ..\Makefile
		..\.env = ..\.env
	EndProjectSection
EndProject
Project("{2150E333-8FDC-42A3-9474-1A3956D46DE8}") = "WhojooSite.Users", "WhojooSite.Users", "{2CB63A72-8F31-45CA-8CDE-2F4B83C17F39}"
EndProject
Project("{FAE04EC0-301F-11D3-BF4B-00C04F79EFBC}") = "WhojooSite.Users.Module", "src\WhojooSite.Users\WhojooSite.Users.Module\WhojooSite.Users.Module.csproj", "{8D6EDE34-E12A-4397-887F-2FAFB348E30B}"
EndProject
Project("{2150E333-8FDC-42A3-9474-1A3956D46DE8}") = "Docker", "Docker", "{A6CB6CAC-6EA3-48A8-A8B3-C1EC55A41879}"
	ProjectSection(SolutionItems) = preProject
		..\api-gateway.Dockerfile = ..\api-gateway.Dockerfile
		..\server.Dockerfile = ..\server.Dockerfile
		..\web.Dockerfile = ..\web.Dockerfile
		..\compose.override.yaml = ..\compose.override.yaml
		..\compose.yaml = ..\compose.yaml
		..\.dockerignore = ..\.dockerignore
	EndProjectSection
EndProject
Project("{2150E333-8FDC-42A3-9474-1A3956D46DE8}") = "Props", "Props", "{DC940041-9E0D-430E-99BF-FE5CD4DF111A}"
	ProjectSection(SolutionItems) = preProject
		Directory.Build.props = Directory.Build.props
		Directory.Packages.props = Directory.Packages.props
	EndProjectSection
EndProject
Project("{2150E333-8FDC-42A3-9474-1A3956D46DE8}") = "WhojooSite.AppHost", "WhojooSite.AppHost", "{0F592C06-7C5E-4245-9D3A-B88AD40C4434}"
EndProject
Project("{FAE04EC0-301F-11D3-BF4B-00C04F79EFBC}") = "WhojooSite.AppHost", "src\WhojooSite.AppHost\WhojooSite.AppHost\WhojooSite.AppHost.csproj", "{DE2342C6-005D-4A48-A39A-E85531A1BE9A}"
EndProject
Project("{FAE04EC0-301F-11D3-BF4B-00C04F79EFBC}") = "WhojooSite.AppHost.ServiceDefaults", "src\WhojooSite.AppHost\WhojooSite.AppHost.ServiceDefaults\WhojooSite.AppHost.ServiceDefaults.csproj", "{5ABEF746-B694-48EC-B117-80E7DC25D9B8}"
EndProject
Project("{FAE04EC0-301F-11D3-BF4B-00C04F79EFBC}") = "WhojooSite.Recipes.MigrationService", "src\WhojooSite.Recipes\WhojooSite.Recipes.MigrationService\WhojooSite.Recipes.MigrationService.csproj", "{943FAC57-DB01-4642-BF07-B7DC2C1CD55B}"
EndProject
Global
	GlobalSection(SolutionConfigurationPlatforms) = preSolution
		Debug|Any CPU = Debug|Any CPU
		Release|Any CPU = Release|Any CPU
	EndGlobalSection
	GlobalSection(SolutionProperties) = preSolution
		HideSolutionNode = FALSE
	EndGlobalSection
	GlobalSection(ProjectConfigurationPlatforms) = postSolution
		{5B2C0248-E595-407F-A3B2-54D63041FEB8}.Debug|Any CPU.ActiveCfg = Debug|Any CPU
		{5B2C0248-E595-407F-A3B2-54D63041FEB8}.Debug|Any CPU.Build.0 = Debug|Any CPU
		{5B2C0248-E595-407F-A3B2-54D63041FEB8}.Release|Any CPU.ActiveCfg = Release|Any CPU
		{5B2C0248-E595-407F-A3B2-54D63041FEB8}.Release|Any CPU.Build.0 = Release|Any CPU
		{3470410F-4030-4A8F-AA69-F1BF1615DC9C}.Debug|Any CPU.ActiveCfg = Debug|Any CPU
		{3470410F-4030-4A8F-AA69-F1BF1615DC9C}.Debug|Any CPU.Build.0 = Debug|Any CPU
		{3470410F-4030-4A8F-AA69-F1BF1615DC9C}.Release|Any CPU.ActiveCfg = Release|Any CPU
		{3470410F-4030-4A8F-AA69-F1BF1615DC9C}.Release|Any CPU.Build.0 = Release|Any CPU
		{28D8F834-F109-476A-98CF-87796EF2A065}.Debug|Any CPU.ActiveCfg = Debug|Any CPU
		{28D8F834-F109-476A-98CF-87796EF2A065}.Debug|Any CPU.Build.0 = Debug|Any CPU
		{28D8F834-F109-476A-98CF-87796EF2A065}.Release|Any CPU.ActiveCfg = Release|Any CPU
		{28D8F834-F109-476A-98CF-87796EF2A065}.Release|Any CPU.Build.0 = Release|Any CPU
		{88F769C1-ED74-4D77-ACFF-D55048A52176}.Debug|Any CPU.ActiveCfg = Debug|Any CPU
		{88F769C1-ED74-4D77-ACFF-D55048A52176}.Debug|Any CPU.Build.0 = Debug|Any CPU
		{88F769C1-ED74-4D77-ACFF-D55048A52176}.Release|Any CPU.ActiveCfg = Release|Any CPU
		{88F769C1-ED74-4D77-ACFF-D55048A52176}.Release|Any CPU.Build.0 = Release|Any CPU
		{8D6EDE34-E12A-4397-887F-2FAFB348E30B}.Debug|Any CPU.ActiveCfg = Debug|Any CPU
		{8D6EDE34-E12A-4397-887F-2FAFB348E30B}.Debug|Any CPU.Build.0 = Debug|Any CPU
		{8D6EDE34-E12A-4397-887F-2FAFB348E30B}.Release|Any CPU.ActiveCfg = Release|Any CPU
		{8D6EDE34-E12A-4397-887F-2FAFB348E30B}.Release|Any CPU.Build.0 = Release|Any CPU
		{DE2342C6-005D-4A48-A39A-E85531A1BE9A}.Debug|Any CPU.ActiveCfg = Debug|Any CPU
		{DE2342C6-005D-4A48-A39A-E85531A1BE9A}.Debug|Any CPU.Build.0 = Debug|Any CPU
		{DE2342C6-005D-4A48-A39A-E85531A1BE9A}.Release|Any CPU.ActiveCfg = Release|Any CPU
		{DE2342C6-005D-4A48-A39A-E85531A1BE9A}.Release|Any CPU.Build.0 = Release|Any CPU
		{5ABEF746-B694-48EC-B117-80E7DC25D9B8}.Debug|Any CPU.ActiveCfg = Debug|Any CPU
		{5ABEF746-B694-48EC-B117-80E7DC25D9B8}.Debug|Any CPU.Build.0 = Debug|Any CPU
		{5ABEF746-B694-48EC-B117-80E7DC25D9B8}.Release|Any CPU.ActiveCfg = Release|Any CPU
		{5ABEF746-B694-48EC-B117-80E7DC25D9B8}.Release|Any CPU.Build.0 = Release|Any CPU
		{943FAC57-DB01-4642-BF07-B7DC2C1CD55B}.Debug|Any CPU.ActiveCfg = Debug|Any CPU
		{943FAC57-DB01-4642-BF07-B7DC2C1CD55B}.Debug|Any CPU.Build.0 = Debug|Any CPU
		{943FAC57-DB01-4642-BF07-B7DC2C1CD55B}.Release|Any CPU.ActiveCfg = Release|Any CPU
		{943FAC57-DB01-4642-BF07-B7DC2C1CD55B}.Release|Any CPU.Build.0 = Release|Any CPU
	EndGlobalSection
	GlobalSection(NestedProjects) = preSolution
		{5B2C0248-E595-407F-A3B2-54D63041FEB8} = {1ACDDAC5-E1B5-4802-B07E-05A156626FBD}
		{3470410F-4030-4A8F-AA69-F1BF1615DC9C} = {1ACDDAC5-E1B5-4802-B07E-05A156626FBD}
		{33E4419E-D642-4E25-A017-EDD5B4330EB9} = {1ACDDAC5-E1B5-4802-B07E-05A156626FBD}
		{28D8F834-F109-476A-98CF-87796EF2A065} = {33E4419E-D642-4E25-A017-EDD5B4330EB9}
		{88F769C1-ED74-4D77-ACFF-D55048A52176} = {1ACDDAC5-E1B5-4802-B07E-05A156626FBD}
		{2CB63A72-8F31-45CA-8CDE-2F4B83C17F39} = {1ACDDAC5-E1B5-4802-B07E-05A156626FBD}
		{8D6EDE34-E12A-4397-887F-2FAFB348E30B} = {2CB63A72-8F31-45CA-8CDE-2F4B83C17F39}
		{A6CB6CAC-6EA3-48A8-A8B3-C1EC55A41879} = {D70C0F05-74C7-4327-A52E-4ED0DEA28D5F}
		{DC940041-9E0D-430E-99BF-FE5CD4DF111A} = {D70C0F05-74C7-4327-A52E-4ED0DEA28D5F}
		{0F592C06-7C5E-4245-9D3A-B88AD40C4434} = {1ACDDAC5-E1B5-4802-B07E-05A156626FBD}
		{DE2342C6-005D-4A48-A39A-E85531A1BE9A} = {0F592C06-7C5E-4245-9D3A-B88AD40C4434}
		{5ABEF746-B694-48EC-B117-80E7DC25D9B8} = {0F592C06-7C5E-4245-9D3A-B88AD40C4434}
		{943FAC57-DB01-4642-BF07-B7DC2C1CD55B} = {33E4419E-D642-4E25-A017-EDD5B4330EB9}
	EndGlobalSection
EndGlobal
