
Microsoft Visual Studio Solution File, Format Version 12.00
# Visual Studio Version 17
VisualStudioVersion = 17.0.31903.59
MinimumVisualStudioVersion = 10.0.40219.1
Project("{2150E333-8FDC-42A3-9474-1A3956D46DE8}") = "src", "src", "{1ACDDAC5-E1B5-4802-B07E-05A156626FBD}"
EndProject
Project("{FAE04EC0-301F-11D3-BF4B-00C04F79EFBC}") = "WhojooSite.Yarp", "src\WhojooSite.Yarp\WhojooSite.Yarp.csproj", "{5B2C0248-E595-407F-A3B2-54D63041FEB8}"
EndProject
Project("{FAE04EC0-301F-11D3-BF4B-00C04F79EFBC}") = "WhojooSite.Bootstrap", "src\WhojooSite.Bootstrap\WhojooSite.Bootstrap.csproj", "{3470410F-4030-4A8F-AA69-F1BF1615DC9C}"
EndProject
Project("{2150E333-8FDC-42A3-9474-1A3956D46DE8}") = "WhojooSite.Recipes", "WhojooSite.Recipes", "{33E4419E-D642-4E25-A017-EDD5B4330EB9}"
EndProject
Project("{FAE04EC0-301F-11D3-BF4B-00C04F79EFBC}") = "WhojooSite.Recipes.Module", "src\WhojooSite.Recipes\WhojooSite.Recipes.Module\WhojooSite.Recipes.Module.csproj", "{28D8F834-F109-476A-98CF-87796EF2A065}"
EndProject
Project("{FAE04EC0-301F-11D3-BF4B-00C04F79EFBC}") = "WhojooSite.Common", "src\WhojooSite.Common\WhojooSite.Common.csproj", "{88F769C1-ED74-4D77-ACFF-D55048A52176}"
EndProject
Project("{FAE04EC0-301F-11D3-BF4B-00C04F79EFBC}") = "WhojooSite.AppHost", "src\WhojooSite.AppHost\WhojooSite.AppHost.csproj", "{16748D60-9E27-4BF1-A8F2-FA24D1ADAB03}"
EndProject
Project("{FAE04EC0-301F-11D3-BF4B-00C04F79EFBC}") = "WhojooSite.ServiceDefaults", "src\WhojooSite.ServiceDefaults\WhojooSite.ServiceDefaults.csproj", "{90D4484A-97D0-458B-9446-0F354FA17309}"
EndProject
Project("{FAE04EC0-301F-11D3-BF4B-00C04F79EFBC}") = "WhojooSite.Recipes.MigrationService", "src\WhojooSite.Recipes\WhojooSite.Recipes.MigrationService\WhojooSite.Recipes.MigrationService.csproj", "{D825B65F-C232-4E58-B523-FF72A90694B1}"
EndProject
Project("{2150E333-8FDC-42A3-9474-1A3956D46DE8}") = "Solution Items", "Solution Items", "{D70C0F05-74C7-4327-A52E-4ED0DEA28D5F}"
	ProjectSection(SolutionItems) = preProject
		README.md = README.md
		Directory.Build.props = Directory.Build.props
	EndProjectSection
EndProject
Project("{2150E333-8FDC-42A3-9474-1A3956D46DE8}") = "WhojooSite.Users", "WhojooSite.Users", "{2CB63A72-8F31-45CA-8CDE-2F4B83C17F39}"
EndProject
Project("{FAE04EC0-301F-11D3-BF4B-00C04F79EFBC}") = "WhojooSite.Users.Module", "src\WhojooSite.Users\WhojooSite.Users.Module\WhojooSite.Users.Module.csproj", "{8D6EDE34-E12A-4397-887F-2FAFB348E30B}"
EndProject
Global
	GlobalSection(SolutionConfigurationPlatforms) = preSolution
		Debug|Any CPU = Debug|Any CPU
		Release|Any CPU = Release|Any CPU
	EndGlobalSection
	GlobalSection(SolutionProperties) = preSolution
		HideSolutionNode = FALSE
	EndGlobalSection
	GlobalSection(ProjectConfigurationPlatforms) = postSolution
		{5B2C0248-E595-407F-A3B2-54D63041FEB8}.Debug|Any CPU.ActiveCfg = Debug|Any CPU
		{5B2C0248-E595-407F-A3B2-54D63041FEB8}.Debug|Any CPU.Build.0 = Debug|Any CPU
		{5B2C0248-E595-407F-A3B2-54D63041FEB8}.Release|Any CPU.ActiveCfg = Release|Any CPU
		{5B2C0248-E595-407F-A3B2-54D63041FEB8}.Release|Any CPU.Build.0 = Release|Any CPU
		{3470410F-4030-4A8F-AA69-F1BF1615DC9C}.Debug|Any CPU.ActiveCfg = Debug|Any CPU
		{3470410F-4030-4A8F-AA69-F1BF1615DC9C}.Debug|Any CPU.Build.0 = Debug|Any CPU
		{3470410F-4030-4A8F-AA69-F1BF1615DC9C}.Release|Any CPU.ActiveCfg = Release|Any CPU
		{3470410F-4030-4A8F-AA69-F1BF1615DC9C}.Release|Any CPU.Build.0 = Release|Any CPU
		{28D8F834-F109-476A-98CF-87796EF2A065}.Debug|Any CPU.ActiveCfg = Debug|Any CPU
		{28D8F834-F109-476A-98CF-87796EF2A065}.Debug|Any CPU.Build.0 = Debug|Any CPU
		{28D8F834-F109-476A-98CF-87796EF2A065}.Release|Any CPU.ActiveCfg = Release|Any CPU
		{28D8F834-F109-476A-98CF-87796EF2A065}.Release|Any CPU.Build.0 = Release|Any CPU
		{88F769C1-ED74-4D77-ACFF-D55048A52176}.Debug|Any CPU.ActiveCfg = Debug|Any CPU
		{88F769C1-ED74-4D77-ACFF-D55048A52176}.Debug|Any CPU.Build.0 = Debug|Any CPU
		{88F769C1-ED74-4D77-ACFF-D55048A52176}.Release|Any CPU.ActiveCfg = Release|Any CPU
		{88F769C1-ED74-4D77-ACFF-D55048A52176}.Release|Any CPU.Build.0 = Release|Any CPU
		{16748D60-9E27-4BF1-A8F2-FA24D1ADAB03}.Debug|Any CPU.ActiveCfg = Debug|Any CPU
		{16748D60-9E27-4BF1-A8F2-FA24D1ADAB03}.Debug|Any CPU.Build.0 = Debug|Any CPU
		{16748D60-9E27-4BF1-A8F2-FA24D1ADAB03}.Release|Any CPU.ActiveCfg = Release|Any CPU
		{16748D60-9E27-4BF1-A8F2-FA24D1ADAB03}.Release|Any CPU.Build.0 = Release|Any CPU
		{90D4484A-97D0-458B-9446-0F354FA17309}.Debug|Any CPU.ActiveCfg = Debug|Any CPU
		{90D4484A-97D0-458B-9446-0F354FA17309}.Debug|Any CPU.Build.0 = Debug|Any CPU
		{90D4484A-97D0-458B-9446-0F354FA17309}.Release|Any CPU.ActiveCfg = Release|Any CPU
		{90D4484A-97D0-458B-9446-0F354FA17309}.Release|Any CPU.Build.0 = Release|Any CPU
		{D825B65F-C232-4E58-B523-FF72A90694B1}.Debug|Any CPU.ActiveCfg = Debug|Any CPU
		{D825B65F-C232-4E58-B523-FF72A90694B1}.Debug|Any CPU.Build.0 = Debug|Any CPU
		{D825B65F-C232-4E58-B523-FF72A90694B1}.Release|Any CPU.ActiveCfg = Release|Any CPU
		{D825B65F-C232-4E58-B523-FF72A90694B1}.Release|Any CPU.Build.0 = Release|Any CPU
		{8D6EDE34-E12A-4397-887F-2FAFB348E30B}.Debug|Any CPU.ActiveCfg = Debug|Any CPU
		{8D6EDE34-E12A-4397-887F-2FAFB348E30B}.Debug|Any CPU.Build.0 = Debug|Any CPU
		{8D6EDE34-E12A-4397-887F-2FAFB348E30B}.Release|Any CPU.ActiveCfg = Release|Any CPU
		{8D6EDE34-E12A-4397-887F-2FAFB348E30B}.Release|Any CPU.Build.0 = Release|Any CPU
	EndGlobalSection
	GlobalSection(NestedProjects) = preSolution
		{5B2C0248-E595-407F-A3B2-54D63041FEB8} = {1ACDDAC5-E1B5-4802-B07E-05A156626FBD}
		{3470410F-4030-4A8F-AA69-F1BF1615DC9C} = {1ACDDAC5-E1B5-4802-B07E-05A156626FBD}
		{33E4419E-D642-4E25-A017-EDD5B4330EB9} = {1ACDDAC5-E1B5-4802-B07E-05A156626FBD}
		{28D8F834-F109-476A-98CF-87796EF2A065} = {33E4419E-D642-4E25-A017-EDD5B4330EB9}
		{88F769C1-ED74-4D77-ACFF-D55048A52176} = {1ACDDAC5-E1B5-4802-B07E-05A156626FBD}
		{16748D60-9E27-4BF1-A8F2-FA24D1ADAB03} = {1ACDDAC5-E1B5-4802-B07E-05A156626FBD}
		{90D4484A-97D0-458B-9446-0F354FA17309} = {1ACDDAC5-E1B5-4802-B07E-05A156626FBD}
		{D825B65F-C232-4E58-B523-FF72A90694B1} = {33E4419E-D642-4E25-A017-EDD5B4330EB9}
		{2CB63A72-8F31-45CA-8CDE-2F4B83C17F39} = {1ACDDAC5-E1B5-4802-B07E-05A156626FBD}
		{8D6EDE34-E12A-4397-887F-2FAFB348E30B} = {2CB63A72-8F31-45CA-8CDE-2F4B83C17F39}
	EndGlobalSection
EndGlobal
